// !$*UTF8*$!
{
	archiveVersion = 1;
	classes = {
	};
	objectVersion = 50;
	objects = {

/* Begin PBXBuildFile section */
		7CAA8AB7220FA37B0028809C /* AppDelegate.swift in Sources */ = {isa = PBXBuildFile; fileRef = 7CAA8AB6220FA37B0028809C /* AppDelegate.swift */; };
		7CAA8AB9220FA37B0028809C /* ViewController.swift in Sources */ = {isa = PBXBuildFile; fileRef = 7CAA8AB8220FA37B0028809C /* ViewController.swift */; };
		7CAA8ABC220FA37B0028809C /* Main.storyboard in Resources */ = {isa = PBXBuildFile; fileRef = 7CAA8ABA220FA37B0028809C /* Main.storyboard */; };
		7CAA8ABF220FA37B0028809C /* ResearchHub.xcdatamodeld in Sources */ = {isa = PBXBuildFile; fileRef = 7CAA8ABD220FA37B0028809C /* ResearchHub.xcdatamodeld */; };
		7CAA8AC1220FA37C0028809C /* Assets.xcassets in Resources */ = {isa = PBXBuildFile; fileRef = 7CAA8AC0220FA37C0028809C /* Assets.xcassets */; };
		7CAA8AC4220FA37C0028809C /* LaunchScreen.storyboard in Resources */ = {isa = PBXBuildFile; fileRef = 7CAA8AC2220FA37C0028809C /* LaunchScreen.storyboard */; };
/* End PBXBuildFile section */

/* Begin PBXFileReference section */
		7CAA8AB3220FA37B0028809C /* ResearchHub.app */ = {isa = PBXFileReference; explicitFileType = wrapper.application; includeInIndex = 0; path = ResearchHub.app; sourceTree = BUILT_PRODUCTS_DIR; };
		7CAA8AB6220FA37B0028809C /* AppDelegate.swift */ = {isa = PBXFileReference; lastKnownFileType = sourcecode.swift; path = AppDelegate.swift; sourceTree = "<group>"; };
		7CAA8AB8220FA37B0028809C /* ViewController.swift */ = {isa = PBXFileReference; lastKnownFileType = sourcecode.swift; path = ViewController.swift; sourceTree = "<group>"; };
		7CAA8ABB220FA37B0028809C /* Base */ = {isa = PBXFileReference; lastKnownFileType = file.storyboard; name = Base; path = Base.lproj/Main.storyboard; sourceTree = "<group>"; };
		7CAA8ABE220FA37B0028809C /* ResearchHub.xcdatamodel */ = {isa = PBXFileReference; lastKnownFileType = wrapper.xcdatamodel; path = ResearchHub.xcdatamodel; sourceTree = "<group>"; };
		7CAA8AC0220FA37C0028809C /* Assets.xcassets */ = {isa = PBXFileReference; lastKnownFileType = folder.assetcatalog; path = Assets.xcassets; sourceTree = "<group>"; };
		7CAA8AC3220FA37C0028809C /* Base */ = {isa = PBXFileReference; lastKnownFileType = file.storyboard; name = Base; path = Base.lproj/LaunchScreen.storyboard; sourceTree = "<group>"; };
		7CAA8AC5220FA37C0028809C /* Info.plist */ = {isa = PBXFileReference; lastKnownFileType = text.plist.xml; path = Info.plist; sourceTree = "<group>"; };
/* End PBXFileReference section */

/* Begin PBXFrameworksBuildPhase section */
		7CAA8AB0220FA37B0028809C /* Frameworks */ = {
			isa = PBXFrameworksBuildPhase;
			buildActionMask = 2147483647;
			files = (
			);
			runOnlyForDeploymentPostprocessing = 0;
		};
/* End PBXFrameworksBuildPhase section */

/* Begin PBXGroup section */
		7CAA8AAA220FA37B0028809C = {
			isa = PBXGroup;
			children = (
				7CAA8AB5220FA37B0028809C /* ResearchHub */,
				7CAA8AB4220FA37B0028809C /* Products */,
			);
			sourceTree = "<group>";
		};
		7CAA8AB4220FA37B0028809C /* Products */ = {
			isa = PBXGroup;
			children = (
				7CAA8AB3220FA37B0028809C /* ResearchHub.app */,
			);
			name = Products;
			sourceTree = "<group>";
		};
		7CAA8AB5220FA37B0028809C /* ResearchHub */ = {
			isa = PBXGroup;
			children = (
				7CAA8AB6220FA37B0028809C /* AppDelegate.swift */,
				7CAA8AB8220FA37B0028809C /* ViewController.swift */,
				7CAA8ABA220FA37B0028809C /* Main.storyboard */,
				7CAA8AC0220FA37C0028809C /* Assets.xcassets */,
				7CAA8AC2220FA37C0028809C /* LaunchScreen.storyboard */,
				7CAA8AC5220FA37C0028809C /* Info.plist */,
				7CAA8ABD220FA37B0028809C /* ResearchHub.xcdatamodeld */,
			);
			path = ResearchHub;
			sourceTree = "<group>";
		};
/* End PBXGroup section */

/* Begin PBXNativeTarget section */
		7CAA8AB2220FA37B0028809C /* ResearchHub */ = {
			isa = PBXNativeTarget;
			buildConfigurationList = 7CAA8AC8220FA37C0028809C /* Build configuration list for PBXNativeTarget "ResearchHub" */;
			buildPhases = (
				7CAA8AAF220FA37B0028809C /* Sources */,
				7CAA8AB0220FA37B0028809C /* Frameworks */,
				7CAA8AB1220FA37B0028809C /* Resources */,
			);
			buildRules = (
			);
			dependencies = (
			);
			name = ResearchHub;
			productName = ResearchHub;
			productReference = 7CAA8AB3220FA37B0028809C /* ResearchHub.app */;
			productType = "com.apple.product-type.application";
		};
/* End PBXNativeTarget section */

/* Begin PBXProject section */
		7CAA8AAB220FA37B0028809C /* Project object */ = {
			isa = PBXProject;
			attributes = {
				LastSwiftUpdateCheck = 1010;
				LastUpgradeCheck = 1010;
				ORGANIZATIONNAME = "Danish Dua";
				TargetAttributes = {
					7CAA8AB2220FA37B0028809C = {
						CreatedOnToolsVersion = 10.1;
					};
				};
			};
			buildConfigurationList = 7CAA8AAE220FA37B0028809C /* Build configuration list for PBXProject "ResearchHub" */;
			compatibilityVersion = "Xcode 9.3";
			developmentRegion = en;
			hasScannedForEncodings = 0;
			knownRegions = (
				en,
				Base,
			);
			mainGroup = 7CAA8AAA220FA37B0028809C;
			productRefGroup = 7CAA8AB4220FA37B0028809C /* Products */;
			projectDirPath = "";
			projectRoot = "";
			targets = (
				7CAA8AB2220FA37B0028809C /* ResearchHub */,
			);
		};
/* End PBXProject section */

/* Begin PBXResourcesBuildPhase section */
		7CAA8AB1220FA37B0028809C /* Resources */ = {
			isa = PBXResourcesBuildPhase;
			buildActionMask = 2147483647;
			files = (
				7CAA8AC4220FA37C0028809C /* LaunchScreen.storyboard in Resources */,
				7CAA8AC1220FA37C0028809C /* Assets.xcassets in Resources */,
				7CAA8ABC220FA37B0028809C /* Main.storyboard in Resources */,
			);
			runOnlyForDeploymentPostprocessing = 0;
		};
/* End PBXResourcesBuildPhase section */

/* Begin PBXSourcesBuildPhase section */
		7CAA8AAF220FA37B0028809C /* Sources */ = {
			isa = PBXSourcesBuildPhase;
			buildActionMask = 2147483647;
			files = (
				7CAA8AB9220FA37B0028809C /* ViewController.swift in Sources */,
				7CAA8ABF220FA37B0028809C /* ResearchHub.xcdatamodeld in Sources */,
				7CAA8AB7220FA37B0028809C /* AppDelegate.swift in Sources */,
			);
			runOnlyForDeploymentPostprocessing = 0;
		};
/* End PBXSourcesBuildPhase section */

/* Begin PBXVariantGroup section */
		7CAA8ABA220FA37B0028809C /* Main.storyboard */ = {
			isa = PBXVariantGroup;
			children = (
				7CAA8ABB220FA37B0028809C /* Base */,
			);
			name = Main.storyboard;
			sourceTree = "<group>";
		};
		7CAA8AC2220FA37C0028809C /* LaunchScreen.storyboard */ = {
			isa = PBXVariantGroup;
			children = (
				7CAA8AC3220FA37C0028809C /* Base */,
			);
			name = LaunchScreen.storyboard;
			sourceTree = "<group>";
		};
/* End PBXVariantGroup section */

/* Begin XCBuildConfiguration section */
		7CAA8AC6220FA37C0028809C /* Debug */ = {
			isa = XCBuildConfiguration;
			buildSettings = {
				ALWAYS_SEARCH_USER_PATHS = NO;
				CLANG_ANALYZER_NONNULL = YES;
				CLANG_ANALYZER_NUMBER_OBJECT_CONVERSION = YES_AGGRESSIVE;
				CLANG_CXX_LANGUAGE_STANDARD = "gnu++14";
				CLANG_CXX_LIBRARY = "libc++";
				CLANG_ENABLE_MODULES = YES;
				CLANG_ENABLE_OBJC_ARC = YES;
				CLANG_ENABLE_OBJC_WEAK = YES;
				CLANG_WARN_BLOCK_CAPTURE_AUTORELEASING = YES;
				CLANG_WARN_BOOL_CONVERSION = YES;
				CLANG_WARN_COMMA = YES;
				CLANG_WARN_CONSTANT_CONVERSION = YES;
				CLANG_WARN_DEPRECATED_OBJC_IMPLEMENTATIONS = YES;
				CLANG_WARN_DIRECT_OBJC_ISA_USAGE = YES_ERROR;
				CLANG_WARN_DOCUMENTATION_COMMENTS = YES;
				CLANG_WARN_EMPTY_BODY = YES;
				CLANG_WARN_ENUM_CONVERSION = YES;
				CLANG_WARN_INFINITE_RECURSION = YES;
				CLANG_WARN_INT_CONVERSION = YES;
				CLANG_WARN_NON_LITERAL_NULL_CONVERSION = YES;
				CLANG_WARN_OBJC_IMPLICIT_RETAIN_SELF = YES;
				CLANG_WARN_OBJC_LITERAL_CONVERSION = YES;
				CLANG_WARN_OBJC_ROOT_CLASS = YES_ERROR;
				CLANG_WARN_RANGE_LOOP_ANALYSIS = YES;
				CLANG_WARN_STRICT_PROTOTYPES = YES;
				CLANG_WARN_SUSPICIOUS_MOVE = YES;
				CLANG_WARN_UNGUARDED_AVAILABILITY = YES_AGGRESSIVE;
				CLANG_WARN_UNREACHABLE_CODE = YES;
				CLANG_WARN__DUPLICATE_METHOD_MATCH = YES;
				CODE_SIGN_IDENTITY = "iPhone Developer";
				COPY_PHASE_STRIP = NO;
				DEBUG_INFORMATION_FORMAT = dwarf;
				ENABLE_STRICT_OBJC_MSGSEND = YES;
				ENABLE_TESTABILITY = YES;
				GCC_C_LANGUAGE_STANDARD = gnu11;
				GCC_DYNAMIC_NO_PIC = NO;
				GCC_NO_COMMON_BLOCKS = YES;
				GCC_OPTIMIZATION_LEVEL = 0;
				GCC_PREPROCESSOR_DEFINITIONS = (
					"DEBUG=1",
					"$(inherited)",
				);
				GCC_WARN_64_TO_32_BIT_CONVERSION = YES;
				GCC_WARN_ABOUT_RETURN_TYPE = YES_ERROR;
				GCC_WARN_UNDECLARED_SELECTOR = YES;
				GCC_WARN_UNINITIALIZED_AUTOS = YES_AGGRESSIVE;
				GCC_WARN_UNUSED_FUNCTION = YES;
				GCC_WARN_UNUSED_VARIABLE = YES;
				IPHONEOS_DEPLOYMENT_TARGET = 12.1;
				MTL_ENABLE_DEBUG_INFO = INCLUDE_SOURCE;
				MTL_FAST_MATH = YES;
				ONLY_ACTIVE_ARCH = YES;
				SDKROOT = iphoneos;
				SWIFT_ACTIVE_COMPILATION_CONDITIONS = DEBUG;
				SWIFT_OPTIMIZATION_LEVEL = "-Onone";
			};
			name = Debug;
		};
		7CAA8AC7220FA37C0028809C /* Release */ = {
			isa = XCBuildConfiguration;
			buildSettings = {
				ALWAYS_SEARCH_USER_PATHS = NO;
				CLANG_ANALYZER_NONNULL = YES;
				CLANG_ANALYZER_NUMBER_OBJECT_CONVERSION = YES_AGGRESSIVE;
				CLANG_CXX_LANGUAGE_STANDARD = "gnu++14";
				CLANG_CXX_LIBRARY = "libc++";
				CLANG_ENABLE_MODULES = YES;
				CLANG_ENABLE_OBJC_ARC = YES;
				CLANG_ENABLE_OBJC_WEAK = YES;
				CLANG_WARN_BLOCK_CAPTURE_AUTORELEASING = YES;
				CLANG_WARN_BOOL_CONVERSION = YES;
				CLANG_WARN_COMMA = YES;
				CLANG_WARN_CONSTANT_CONVERSION = YES;
				CLANG_WARN_DEPRECATED_OBJC_IMPLEMENTATIONS = YES;
				CLANG_WARN_DIRECT_OBJC_ISA_USAGE = YES_ERROR;
				CLANG_WARN_DOCUMENTATION_COMMENTS = YES;
				CLANG_WARN_EMPTY_BODY = YES;
				CLANG_WARN_ENUM_CONVERSION = YES;
				CLANG_WARN_INFINITE_RECURSION = YES;
				CLANG_WARN_INT_CONVERSION = YES;
				CLANG_WARN_NON_LITERAL_NULL_CONVERSION = YES;
				CLANG_WARN_OBJC_IMPLICIT_RETAIN_SELF = YES;
				CLANG_WARN_OBJC_LITERAL_CONVERSION = YES;
				CLANG_WARN_OBJC_ROOT_CLASS = YES_ERROR;
				CLANG_WARN_RANGE_LOOP_ANALYSIS = YES;
				CLANG_WARN_STRICT_PROTOTYPES = YES;
				CLANG_WARN_SUSPICIOUS_MOVE = YES;
				CLANG_WARN_UNGUARDED_AVAILABILITY = YES_AGGRESSIVE;
				CLANG_WARN_UNREACHABLE_CODE = YES;
				CLANG_WARN__DUPLICATE_METHOD_MATCH = YES;
				CODE_SIGN_IDENTITY = "iPhone Developer";
				COPY_PHASE_STRIP = NO;
				DEBUG_INFORMATION_FORMAT = "dwarf-with-dsym";
				ENABLE_NS_ASSERTIONS = NO;
				ENABLE_STRICT_OBJC_MSGSEND = YES;
				GCC_C_LANGUAGE_STANDARD = gnu11;
				GCC_NO_COMMON_BLOCKS = YES;
				GCC_WARN_64_TO_32_BIT_CONVERSION = YES;
				GCC_WARN_ABOUT_RETURN_TYPE = YES_ERROR;
				GCC_WARN_UNDECLARED_SELECTOR = YES;
				GCC_WARN_UNINITIALIZED_AUTOS = YES_AGGRESSIVE;
				GCC_WARN_UNUSED_FUNCTION = YES;
				GCC_WARN_UNUSED_VARIABLE = YES;
				IPHONEOS_DEPLOYMENT_TARGET = 12.1;
				MTL_ENABLE_DEBUG_INFO = NO;
				MTL_FAST_MATH = YES;
				SDKROOT = iphoneos;
				SWIFT_COMPILATION_MODE = wholemodule;
				SWIFT_OPTIMIZATION_LEVEL = "-O";
				VALIDATE_PRODUCT = YES;
			};
			name = Release;
		};
		7CAA8AC9220FA37C0028809C /* Debug */ = {
			isa = XCBuildConfiguration;
			buildSettings = {
				ASSETCATALOG_COMPILER_APPICON_NAME = AppIcon;
				CODE_SIGN_STYLE = Automatic;
				DEVELOPMENT_TEAM = S85AC8DQ5L;
				INFOPLIST_FILE = ResearchHub/Info.plist;
				LD_RUNPATH_SEARCH_PATHS = (
					"$(inherited)",
					"@executable_path/Frameworks",
				);
				PRODUCT_BUNDLE_IDENTIFIER = com.dandua.ResearchHub;
				PRODUCT_NAME = "$(TARGET_NAME)";
				SWIFT_VERSION = 4.2;
				TARGETED_DEVICE_FAMILY = "1,2";
			};
			name = Debug;
		};
		7CAA8ACA220FA37C0028809C /* Release */ = {
			isa = XCBuildConfiguration;
			buildSettings = {
				ASSETCATALOG_COMPILER_APPICON_NAME = AppIcon;
				CODE_SIGN_STYLE = Automatic;
				DEVELOPMENT_TEAM = S85AC8DQ5L;
				INFOPLIST_FILE = ResearchHub/Info.plist;
				LD_RUNPATH_SEARCH_PATHS = (
					"$(inherited)",
					"@executable_path/Frameworks",
				);
				PRODUCT_BUNDLE_IDENTIFIER = com.dandua.ResearchHub;
				PRODUCT_NAME = "$(TARGET_NAME)";
				SWIFT_VERSION = 4.2;
				TARGETED_DEVICE_FAMILY = "1,2";
			};
			name = Release;
		};
/* End XCBuildConfiguration section */

/* Begin XCConfigurationList section */
		7CAA8AAE220FA37B0028809C /* Build configuration list for PBXProject "ResearchHub" */ = {
			isa = XCConfigurationList;
			buildConfigurations = (
				7CAA8AC6220FA37C0028809C /* Debug */,
				7CAA8AC7220FA37C0028809C /* Release */,
			);
			defaultConfigurationIsVisible = 0;
			defaultConfigurationName = Release;
		};
		7CAA8AC8220FA37C0028809C /* Build configuration list for PBXNativeTarget "ResearchHub" */ = {
			isa = XCConfigurationList;
			buildConfigurations = (
				7CAA8AC9220FA37C0028809C /* Debug */,
				7CAA8ACA220FA37C0028809C /* Release */,
			);
			defaultConfigurationIsVisible = 0;
			defaultConfigurationName = Release;
		};
/* End XCConfigurationList section */

/* Begin XCVersionGroup section */
		7CAA8ABD220FA37B0028809C /* ResearchHub.xcdatamodeld */ = {
			isa = XCVersionGroup;
			children = (
				7CAA8ABE220FA37B0028809C /* ResearchHub.xcdatamodel */,
			);
			currentVersion = 7CAA8ABE220FA37B0028809C /* ResearchHub.xcdatamodel */;
			path = ResearchHub.xcdatamodeld;
			sourceTree = "<group>";
			versionGroupType = wrapper.xcdatamodel;
		};
/* End XCVersionGroup section */
	};
	rootObject = 7CAA8AAB220FA37B0028809C /* Project object */;
}
